// !$*UTF8*$!
{
	archiveVersion = 1;
	classes = {
	};
	objectVersion = 50;
	objects = {

/* Begin PBXBuildFile section */
		17404856261AA33A00DF957D /* AppDelegate.swift in Sources */ = {isa = PBXBuildFile; fileRef = 17404855261AA33A00DF957D /* AppDelegate.swift */; };
		17404858261AA33A00DF957D /* SceneDelegate.swift in Sources */ = {isa = PBXBuildFile; fileRef = 17404857261AA33A00DF957D /* SceneDelegate.swift */; };
		1740485A261AA33A00DF957D /* ViewController.swift in Sources */ = {isa = PBXBuildFile; fileRef = 17404859261AA33A00DF957D /* ViewController.swift */; };
		1740485D261AA33A00DF957D /* Main.storyboard in Resources */ = {isa = PBXBuildFile; fileRef = 1740485B261AA33A00DF957D /* Main.storyboard */; };
		1740485F261AA33C00DF957D /* Assets.xcassets in Resources */ = {isa = PBXBuildFile; fileRef = 1740485E261AA33C00DF957D /* Assets.xcassets */; };
		17404862261AA33C00DF957D /* LaunchScreen.storyboard in Resources */ = {isa = PBXBuildFile; fileRef = 17404860261AA33C00DF957D /* LaunchScreen.storyboard */; };
		1740486A261AAA8D00DF957D /* LoginController.swift in Sources */ = {isa = PBXBuildFile; fileRef = 17404869261AAA8D00DF957D /* LoginController.swift */; };
		1740486C261AAB0200DF957D /* SignUpController.swift in Sources */ = {isa = PBXBuildFile; fileRef = 1740486B261AAB0200DF957D /* SignUpController.swift */; };
		1740486E261AAB3800DF957D /* HomeController.swift in Sources */ = {isa = PBXBuildFile; fileRef = 1740486D261AAB3800DF957D /* HomeController.swift */; };
		17404871261AAB9D00DF957D /* Extensions.swift in Sources */ = {isa = PBXBuildFile; fileRef = 17404870261AAB9D00DF957D /* Extensions.swift */; };
/* End PBXBuildFile section */

/* Begin PBXFileReference section */
		17404852261AA33A00DF957D /* CustomOOH.app */ = {isa = PBXFileReference; explicitFileType = wrapper.application; includeInIndex = 0; path = CustomOOH.app; sourceTree = BUILT_PRODUCTS_DIR; };
		17404855261AA33A00DF957D /* AppDelegate.swift */ = {isa = PBXFileReference; lastKnownFileType = sourcecode.swift; path = AppDelegate.swift; sourceTree = "<group>"; };
		17404857261AA33A00DF957D /* SceneDelegate.swift */ = {isa = PBXFileReference; lastKnownFileType = sourcecode.swift; path = SceneDelegate.swift; sourceTree = "<group>"; };
		17404859261AA33A00DF957D /* ViewController.swift */ = {isa = PBXFileReference; lastKnownFileType = sourcecode.swift; path = ViewController.swift; sourceTree = "<group>"; };
		1740485C261AA33A00DF957D /* Base */ = {isa = PBXFileReference; lastKnownFileType = file.storyboard; name = Base; path = Base.lproj/Main.storyboard; sourceTree = "<group>"; };
		1740485E261AA33C00DF957D /* Assets.xcassets */ = {isa = PBXFileReference; lastKnownFileType = folder.assetcatalog; path = Assets.xcassets; sourceTree = "<group>"; };
		17404861261AA33C00DF957D /* Base */ = {isa = PBXFileReference; lastKnownFileType = file.storyboard; name = Base; path = Base.lproj/LaunchScreen.storyboard; sourceTree = "<group>"; };
		17404863261AA33C00DF957D /* Info.plist */ = {isa = PBXFileReference; lastKnownFileType = text.plist.xml; path = Info.plist; sourceTree = "<group>"; };
		17404869261AAA8D00DF957D /* LoginController.swift */ = {isa = PBXFileReference; lastKnownFileType = sourcecode.swift; path = LoginController.swift; sourceTree = "<group>"; };
		1740486B261AAB0200DF957D /* SignUpController.swift */ = {isa = PBXFileReference; lastKnownFileType = sourcecode.swift; path = SignUpController.swift; sourceTree = "<group>"; };
		1740486D261AAB3800DF957D /* HomeController.swift */ = {isa = PBXFileReference; lastKnownFileType = sourcecode.swift; path = HomeController.swift; sourceTree = "<group>"; };
		17404870261AAB9D00DF957D /* Extensions.swift */ = {isa = PBXFileReference; lastKnownFileType = sourcecode.swift; path = Extensions.swift; sourceTree = "<group>"; };
/* End PBXFileReference section */

/* Begin PBXFrameworksBuildPhase section */
		1740484F261AA33A00DF957D /* Frameworks */ = {
			isa = PBXFrameworksBuildPhase;
			buildActionMask = 2147483647;
			files = (
			);
			runOnlyForDeploymentPostprocessing = 0;
		};
/* End PBXFrameworksBuildPhase section */

/* Begin PBXGroup section */
		17404849261AA33A00DF957D = {
			isa = PBXGroup;
			children = (
				17404854261AA33A00DF957D /* CustomOOH */,
				17404853261AA33A00DF957D /* Products */,
			);
			sourceTree = "<group>";
		};
		17404853261AA33A00DF957D /* Products */ = {
			isa = PBXGroup;
			children = (
				17404852261AA33A00DF957D /* CustomOOH.app */,
			);
			name = Products;
			sourceTree = "<group>";
		};
		17404854261AA33A00DF957D /* CustomOOH */ = {
			isa = PBXGroup;
			children = (
				1740486F261AAB4800DF957D /* Controllers */,
				17404855261AA33A00DF957D /* AppDelegate.swift */,
				17404857261AA33A00DF957D /* SceneDelegate.swift */,
				1740485B261AA33A00DF957D /* Main.storyboard */,
				1740485E261AA33C00DF957D /* Assets.xcassets */,
				17404860261AA33C00DF957D /* LaunchScreen.storyboard */,
				17404863261AA33C00DF957D /* Info.plist */,
				17404870261AAB9D00DF957D /* Extensions.swift */,
			);
			path = CustomOOH;
			sourceTree = "<group>";
		};
		1740486F261AAB4800DF957D /* Controllers */ = {
			isa = PBXGroup;
			children = (
				17404869261AAA8D00DF957D /* LoginController.swift */,
				1740486B261AAB0200DF957D /* SignUpController.swift */,
				1740486D261AAB3800DF957D /* HomeController.swift */,
				17404859261AA33A00DF957D /* ViewController.swift */,
			);
			path = Controllers;
			sourceTree = "<group>";
		};
/* End PBXGroup section */

/* Begin PBXNativeTarget section */
		17404851261AA33A00DF957D /* CustomOOH */ = {
			isa = PBXNativeTarget;
			buildConfigurationList = 17404866261AA33C00DF957D /* Build configuration list for PBXNativeTarget "CustomOOH" */;
			buildPhases = (
				1740484E261AA33A00DF957D /* Sources */,
				1740484F261AA33A00DF957D /* Frameworks */,
				17404850261AA33A00DF957D /* Resources */,
			);
			buildRules = (
			);
			dependencies = (
			);
			name = CustomOOH;
			productName = CustomOOH;
			productReference = 17404852261AA33A00DF957D /* CustomOOH.app */;
			productType = "com.apple.product-type.application";
		};
/* End PBXNativeTarget section */

/* Begin PBXProject section */
		1740484A261AA33A00DF957D /* Project object */ = {
			isa = PBXProject;
			attributes = {
				LastSwiftUpdateCheck = 1170;
				LastUpgradeCheck = 1170;
				ORGANIZATIONNAME = mx.itesm.A01651678;
				TargetAttributes = {
					17404851261AA33A00DF957D = {
						CreatedOnToolsVersion = 11.7;
					};
				};
			};
			buildConfigurationList = 1740484D261AA33A00DF957D /* Build configuration list for PBXProject "CustomOOH" */;
			compatibilityVersion = "Xcode 9.3";
			developmentRegion = en;
			hasScannedForEncodings = 0;
			knownRegions = (
				en,
				Base,
			);
			mainGroup = 17404849261AA33A00DF957D;
			productRefGroup = 17404853261AA33A00DF957D /* Products */;
			projectDirPath = "";
			projectRoot = "";
			targets = (
				17404851261AA33A00DF957D /* CustomOOH */,
			);
		};
/* End PBXProject section */

/* Begin PBXResourcesBuildPhase section */
		17404850261AA33A00DF957D /* Resources */ = {
			isa = PBXResourcesBuildPhase;
			buildActionMask = 2147483647;
			files = (
				17404862261AA33C00DF957D /* LaunchScreen.storyboard in Resources */,
				1740485F261AA33C00DF957D /* Assets.xcassets in Resources */,
				1740485D261AA33A00DF957D /* Main.storyboard in Resources */,
			);
			runOnlyForDeploymentPostprocessing = 0;
		};
/* End PBXResourcesBuildPhase section */

/* Begin PBXSourcesBuildPhase section */
		1740484E261AA33A00DF957D /* Sources */ = {
			isa = PBXSourcesBuildPhase;
			buildActionMask = 2147483647;
			files = (
				1740486C261AAB0200DF957D /* SignUpController.swift in Sources */,
				1740485A261AA33A00DF957D /* ViewController.swift in Sources */,
				1740486E261AAB3800DF957D /* HomeController.swift in Sources */,
				1740486A261AAA8D00DF957D /* LoginController.swift in Sources */,
				17404856261AA33A00DF957D /* AppDelegate.swift in Sources */,
				17404858261AA33A00DF957D /* SceneDelegate.swift in Sources */,
				17404871261AAB9D00DF957D /* Extensions.swift in Sources */,
			);
			runOnlyForDeploymentPostprocessing = 0;
		};
/* End PBXSourcesBuildPhase section */

/* Begin PBXVariantGroup section */
		1740485B261AA33A00DF957D /* Main.storyboard */ = {
			isa = PBXVariantGroup;
			children = (
				1740485C261AA33A00DF957D /* Base */,
			);
			name = Main.storyboard;
			sourceTree = "<group>";
		};
		17404860261AA33C00DF957D /* LaunchScreen.storyboard */ = {
			isa = PBXVariantGroup;
			children = (
				17404861261AA33C00DF957D /* Base */,
			);
			name = LaunchScreen.storyboard;
			sourceTree = "<group>";
		};
/* End PBXVariantGroup section */

/* Begin XCBuildConfiguration section */
		17404864261AA33C00DF957D /* Debug */ = {
			isa = XCBuildConfiguration;
			buildSettings = {
				ALWAYS_SEARCH_USER_PATHS = NO;
				CLANG_ANALYZER_NONNULL = YES;
				CLANG_ANALYZER_NUMBER_OBJECT_CONVERSION = YES_AGGRESSIVE;
				CLANG_CXX_LANGUAGE_STANDARD = "gnu++14";
				CLANG_CXX_LIBRARY = "libc++";
				CLANG_ENABLE_MODULES = YES;
				CLANG_ENABLE_OBJC_ARC = YES;
				CLANG_ENABLE_OBJC_WEAK = YES;
				CLANG_WARN_BLOCK_CAPTURE_AUTORELEASING = YES;
				CLANG_WARN_BOOL_CONVERSION = YES;
				CLANG_WARN_COMMA = YES;
				CLANG_WARN_CONSTANT_CONVERSION = YES;
				CLANG_WARN_DEPRECATED_OBJC_IMPLEMENTATIONS = YES;
				CLANG_WARN_DIRECT_OBJC_ISA_USAGE = YES_ERROR;
				CLANG_WARN_DOCUMENTATION_COMMENTS = YES;
				CLANG_WARN_EMPTY_BODY = YES;
				CLANG_WARN_ENUM_CONVERSION = YES;
				CLANG_WARN_INFINITE_RECURSION = YES;
				CLANG_WARN_INT_CONVERSION = YES;
				CLANG_WARN_NON_LITERAL_NULL_CONVERSION = YES;
				CLANG_WARN_OBJC_IMPLICIT_RETAIN_SELF = YES;
				CLANG_WARN_OBJC_LITERAL_CONVERSION = YES;
				CLANG_WARN_OBJC_ROOT_CLASS = YES_ERROR;
				CLANG_WARN_RANGE_LOOP_ANALYSIS = YES;
				CLANG_WARN_STRICT_PROTOTYPES = YES;
				CLANG_WARN_SUSPICIOUS_MOVE = YES;
				CLANG_WARN_UNGUARDED_AVAILABILITY = YES_AGGRESSIVE;
				CLANG_WARN_UNREACHABLE_CODE = YES;
				CLANG_WARN__DUPLICATE_METHOD_MATCH = YES;
				COPY_PHASE_STRIP = NO;
				DEBUG_INFORMATION_FORMAT = dwarf;
				ENABLE_STRICT_OBJC_MSGSEND = YES;
				ENABLE_TESTABILITY = YES;
				GCC_C_LANGUAGE_STANDARD = gnu11;
				GCC_DYNAMIC_NO_PIC = NO;
				GCC_NO_COMMON_BLOCKS = YES;
				GCC_OPTIMIZATION_LEVEL = 0;
				GCC_PREPROCESSOR_DEFINITIONS = (
					"DEBUG=1",
					"$(inherited)",
				);
				GCC_WARN_64_TO_32_BIT_CONVERSION = YES;
				GCC_WARN_ABOUT_RETURN_TYPE = YES_ERROR;
				GCC_WARN_UNDECLARED_SELECTOR = YES;
				GCC_WARN_UNINITIALIZED_AUTOS = YES_AGGRESSIVE;
				GCC_WARN_UNUSED_FUNCTION = YES;
				GCC_WARN_UNUSED_VARIABLE = YES;
				IPHONEOS_DEPLOYMENT_TARGET = 13.7;
				MTL_ENABLE_DEBUG_INFO = INCLUDE_SOURCE;
				MTL_FAST_MATH = YES;
				ONLY_ACTIVE_ARCH = YES;
				SDKROOT = iphoneos;
				SWIFT_ACTIVE_COMPILATION_CONDITIONS = DEBUG;
				SWIFT_OPTIMIZATION_LEVEL = "-Onone";
			};
			name = Debug;
		};
		17404865261AA33C00DF957D /* Release */ = {
			isa = XCBuildConfiguration;
			buildSettings = {
				ALWAYS_SEARCH_USER_PATHS = NO;
				CLANG_ANALYZER_NONNULL = YES;
				CLANG_ANALYZER_NUMBER_OBJECT_CONVERSION = YES_AGGRESSIVE;
				CLANG_CXX_LANGUAGE_STANDARD = "gnu++14";
				CLANG_CXX_LIBRARY = "libc++";
				CLANG_ENABLE_MODULES = YES;
				CLANG_ENABLE_OBJC_ARC = YES;
				CLANG_ENABLE_OBJC_WEAK = YES;
				CLANG_WARN_BLOCK_CAPTURE_AUTORELEASING = YES;
				CLANG_WARN_BOOL_CONVERSION = YES;
				CLANG_WARN_COMMA = YES;
				CLANG_WARN_CONSTANT_CONVERSION = YES;
				CLANG_WARN_DEPRECATED_OBJC_IMPLEMENTATIONS = YES;
				CLANG_WARN_DIRECT_OBJC_ISA_USAGE = YES_ERROR;
				CLANG_WARN_DOCUMENTATION_COMMENTS = YES;
				CLANG_WARN_EMPTY_BODY = YES;
				CLANG_WARN_ENUM_CONVERSION = YES;
				CLANG_WARN_INFINITE_RECURSION = YES;
				CLANG_WARN_INT_CONVERSION = YES;
				CLANG_WARN_NON_LITERAL_NULL_CONVERSION = YES;
				CLANG_WARN_OBJC_IMPLICIT_RETAIN_SELF = YES;
				CLANG_WARN_OBJC_LITERAL_CONVERSION = YES;
				CLANG_WARN_OBJC_ROOT_CLASS = YES_ERROR;
				CLANG_WARN_RANGE_LOOP_ANALYSIS = YES;
				CLANG_WARN_STRICT_PROTOTYPES = YES;
				CLANG_WARN_SUSPICIOUS_MOVE = YES;
				CLANG_WARN_UNGUARDED_AVAILABILITY = YES_AGGRESSIVE;
				CLANG_WARN_UNREACHABLE_CODE = YES;
				CLANG_WARN__DUPLICATE_METHOD_MATCH = YES;
				COPY_PHASE_STRIP = NO;
				DEBUG_INFORMATION_FORMAT = "dwarf-with-dsym";
				ENABLE_NS_ASSERTIONS = NO;
				ENABLE_STRICT_OBJC_MSGSEND = YES;
				GCC_C_LANGUAGE_STANDARD = gnu11;
				GCC_NO_COMMON_BLOCKS = YES;
				GCC_WARN_64_TO_32_BIT_CONVERSION = YES;
				GCC_WARN_ABOUT_RETURN_TYPE = YES_ERROR;
				GCC_WARN_UNDECLARED_SELECTOR = YES;
				GCC_WARN_UNINITIALIZED_AUTOS = YES_AGGRESSIVE;
				GCC_WARN_UNUSED_FUNCTION = YES;
				GCC_WARN_UNUSED_VARIABLE = YES;
				IPHONEOS_DEPLOYMENT_TARGET = 13.7;
				MTL_ENABLE_DEBUG_INFO = NO;
				MTL_FAST_MATH = YES;
				SDKROOT = iphoneos;
				SWIFT_COMPILATION_MODE = wholemodule;
				SWIFT_OPTIMIZATION_LEVEL = "-O";
				VALIDATE_PRODUCT = YES;
			};
			name = Release;
		};
		17404867261AA33C00DF957D /* Debug */ = {
			isa = XCBuildConfiguration;
			buildSettings = {
				ASSETCATALOG_COMPILER_APPICON_NAME = AppIcon;
				CODE_SIGN_STYLE = Automatic;
				DEVELOPMENT_TEAM = C7FH2NJQ8M;
				INFOPLIST_FILE = CustomOOH/Info.plist;
				LD_RUNPATH_SEARCH_PATHS = (
					"$(inherited)",
					"@executable_path/Frameworks",
				);
				PRODUCT_BUNDLE_IDENTIFIER = Javier.CustomOOH;
				PRODUCT_NAME = "$(TARGET_NAME)";
				SWIFT_VERSION = 5.0;
				TARGETED_DEVICE_FAMILY = "1,2";
			};
			name = Debug;
		};
		17404868261AA33C00DF957D /* Release */ = {
			isa = XCBuildConfiguration;
			buildSettings = {
				ASSETCATALOG_COMPILER_APPICON_NAME = AppIcon;
				CODE_SIGN_STYLE = Automatic;
				DEVELOPMENT_TEAM = C7FH2NJQ8M;
				INFOPLIST_FILE = CustomOOH/Info.plist;
				LD_RUNPATH_SEARCH_PATHS = (
					"$(inherited)",
					"@executable_path/Frameworks",
				);
				PRODUCT_BUNDLE_IDENTIFIER = Javier.CustomOOH;
				PRODUCT_NAME = "$(TARGET_NAME)";
				SWIFT_VERSION = 5.0;
				TARGETED_DEVICE_FAMILY = "1,2";
			};
			name = Release;
		};
/* End XCBuildConfiguration section */

/* Begin XCConfigurationList section */
		1740484D261AA33A00DF957D /* Build configuration list for PBXProject "CustomOOH" */ = {
			isa = XCConfigurationList;
			buildConfigurations = (
				17404864261AA33C00DF957D /* Debug */,
				17404865261AA33C00DF957D /* Release */,
			);
			defaultConfigurationIsVisible = 0;
			defaultConfigurationName = Release;
		};
		17404866261AA33C00DF957D /* Build configuration list for PBXNativeTarget "CustomOOH" */ = {
			isa = XCConfigurationList;
			buildConfigurations = (
				17404867261AA33C00DF957D /* Debug */,
				17404868261AA33C00DF957D /* Release */,
			);
			defaultConfigurationIsVisible = 0;
			defaultConfigurationName = Release;
		};
/* End XCConfigurationList section */
	};
	rootObject = 1740484A261AA33A00DF957D /* Project object */;
}
