// !$*UTF8*$!
{
	archiveVersion = 1;
	classes = {
	};
	objectVersion = 51;
	objects = {

/* Begin PBXBuildFile section */
		170E0D3912ECBA4B94524822 /* Pods_CustomOOH.framework in Frameworks */ = {isa = PBXBuildFile; fileRef = 07A606327ECB7DC072DD6AF2 /* Pods_CustomOOH.framework */; };
		171E91AF262941D100B55524 /* LlenarFormularioViewController.swift in Sources */ = {isa = PBXBuildFile; fileRef = 171E91AE262941D100B55524 /* LlenarFormularioViewController.swift */; };
		171E91B126295EE100B55524 /* NuevoCartelViewController.swift in Sources */ = {isa = PBXBuildFile; fileRef = 171E91B026295EE000B55524 /* NuevoCartelViewController.swift */; };
		173AC4C726281A0B004C3EF5 /* SearchBarPaletas.swift in Sources */ = {isa = PBXBuildFile; fileRef = 173AC4C626281A0A004C3EF5 /* SearchBarPaletas.swift */; };
		17404856261AA33A00DF957D /* AppDelegate.swift in Sources */ = {isa = PBXBuildFile; fileRef = 17404855261AA33A00DF957D /* AppDelegate.swift */; };
		17404858261AA33A00DF957D /* SceneDelegate.swift in Sources */ = {isa = PBXBuildFile; fileRef = 17404857261AA33A00DF957D /* SceneDelegate.swift */; };
		1740485A261AA33A00DF957D /* ViewController.swift in Sources */ = {isa = PBXBuildFile; fileRef = 17404859261AA33A00DF957D /* ViewController.swift */; };
		1740485D261AA33A00DF957D /* Main.storyboard in Resources */ = {isa = PBXBuildFile; fileRef = 1740485B261AA33A00DF957D /* Main.storyboard */; };
		1740485F261AA33C00DF957D /* Assets.xcassets in Resources */ = {isa = PBXBuildFile; fileRef = 1740485E261AA33C00DF957D /* Assets.xcassets */; };
		17404862261AA33C00DF957D /* LaunchScreen.storyboard in Resources */ = {isa = PBXBuildFile; fileRef = 17404860261AA33C00DF957D /* LaunchScreen.storyboard */; };
		17404871261AAB9D00DF957D /* Extensions.swift in Sources */ = {isa = PBXBuildFile; fileRef = 17404870261AAB9D00DF957D /* Extensions.swift */; };
		17404873261AB89400DF957D /* GoogleService-Info.plist in Resources */ = {isa = PBXBuildFile; fileRef = 17404872261AB89400DF957D /* GoogleService-Info.plist */; };
		17A852F3261C3DAF00C64292 /* SuccessViewController.swift in Sources */ = {isa = PBXBuildFile; fileRef = 17A852F2261C3DAF00C64292 /* SuccessViewController.swift */; };
		17B29988261B78D200BBDD52 /* Utilities.swift in Sources */ = {isa = PBXBuildFile; fileRef = 17B29987261B78D200BBDD52 /* Utilities.swift */; };
		17B2998B261B7EC100BBDD52 /* SignUpViewController.swift in Sources */ = {isa = PBXBuildFile; fileRef = 17B2998A261B7EC100BBDD52 /* SignUpViewController.swift */; };
		17B2998D261B7FE600BBDD52 /* LoginViewController.swift in Sources */ = {isa = PBXBuildFile; fileRef = 17B2998C261B7FE600BBDD52 /* LoginViewController.swift */; };
		17B2998F261B809200BBDD52 /* HomeViewController.swift in Sources */ = {isa = PBXBuildFile; fileRef = 17B2998E261B809200BBDD52 /* HomeViewController.swift */; };
		17C1751F264A39190019C79E /* AnnotationPlus.swift in Sources */ = {isa = PBXBuildFile; fileRef = 17C1750D264A39190019C79E /* AnnotationPlus.swift */; };
		17C17520264A39190019C79E /* CalloutViewPlus.swift in Sources */ = {isa = PBXBuildFile; fileRef = 17C1750E264A39190019C79E /* CalloutViewPlus.swift */; };
		17C17521264A39190019C79E /* MapViewPlusDelegates.swift in Sources */ = {isa = PBXBuildFile; fileRef = 17C1750F264A39190019C79E /* MapViewPlusDelegates.swift */; };
		17C17522264A39190019C79E /* MapViewPlus.swift in Sources */ = {isa = PBXBuildFile; fileRef = 17C17511264A39190019C79E /* MapViewPlus.swift */; };
		17C17523264A39190019C79E /* MapViewPlusAnimator.swift in Sources */ = {isa = PBXBuildFile; fileRef = 17C17513264A39190019C79E /* MapViewPlusAnimator.swift */; };
		17C17524264A39190019C79E /* DefaultCalloutViewThemeManager.swift in Sources */ = {isa = PBXBuildFile; fileRef = 17C17515264A39190019C79E /* DefaultCalloutViewThemeManager.swift */; };
		17C17525264A39190019C79E /* DefaultCalloutView.xib in Resources */ = {isa = PBXBuildFile; fileRef = 17C17516264A39190019C79E /* DefaultCalloutView.xib */; };
		17C17526264A39190019C79E /* DefaultCalloutView.swift in Sources */ = {isa = PBXBuildFile; fileRef = 17C17517264A39190019C79E /* DefaultCalloutView.swift */; };
		17C17527264A39190019C79E /* DefaultCalloutViewModel.swift in Sources */ = {isa = PBXBuildFile; fileRef = 17C17518264A39190019C79E /* DefaultCalloutViewModel.swift */; };
		17C17528264A39190019C79E /* AnchorView.swift in Sources */ = {isa = PBXBuildFile; fileRef = 17C1751A264A39190019C79E /* AnchorView.swift */; };
		17C17529264A39190019C79E /* CalloutAndAnchorView.swift in Sources */ = {isa = PBXBuildFile; fileRef = 17C1751B264A39190019C79E /* CalloutAndAnchorView.swift */; };
		17C1752A264A39190019C79E /* ImagesHelper.swift in Sources */ = {isa = PBXBuildFile; fileRef = 17C1751D264A39190019C79E /* ImagesHelper.swift */; };
		17C1752B264A39190019C79E /* MapViewPlusTemplateHelper.swift in Sources */ = {isa = PBXBuildFile; fileRef = 17C1751E264A39190019C79E /* MapViewPlusTemplateHelper.swift */; };
		17C1754F264A40D00019C79E /* BasicCalloutView.xib in Resources */ = {isa = PBXBuildFile; fileRef = 17C1754E264A40D00019C79E /* BasicCalloutView.xib */; };
		17C17562264A41670019C79E /* BasicCalloutViewModel.swift in Sources */ = {isa = PBXBuildFile; fileRef = 17C17553264A41660019C79E /* BasicCalloutViewModel.swift */; };
		17C17564264A41670019C79E /* BasicCalloutView.swift in Sources */ = {isa = PBXBuildFile; fileRef = 17C17555264A41660019C79E /* BasicCalloutView.swift */; };
		17C17763264A66450019C79E /* Pods-MapViewPlus_Example.debug.xcconfig in Resources */ = {isa = PBXBuildFile; fileRef = 17C17762264A66440019C79E /* Pods-MapViewPlus_Example.debug.xcconfig */; };
		17C17765264A66560019C79E /* Pods-MapViewPlus_Example.release.xcconfig in Resources */ = {isa = PBXBuildFile; fileRef = 17C17764264A66560019C79E /* Pods-MapViewPlus_Example.release.xcconfig */; };
		17C1789B264A73E40019C79E /* basic_annotation_image.png in Resources */ = {isa = PBXBuildFile; fileRef = 17C1789A264A73E40019C79E /* basic_annotation_image.png */; };
		17C1789E264A78CA0019C79E /* MapaViewController.swift in Sources */ = {isa = PBXBuildFile; fileRef = 17C1789D264A78CA0019C79E /* MapaViewController.swift */; };
		17C74C7B2628A490000A4146 /* MedianosViewController.swift in Sources */ = {isa = PBXBuildFile; fileRef = 17C74C7A2628A490000A4146 /* MedianosViewController.swift */; };
		17C74C7D2628A7AD000A4146 /* MedianosCollectionViewCell.swift in Sources */ = {isa = PBXBuildFile; fileRef = 17C74C7C2628A7AD000A4146 /* MedianosCollectionViewCell.swift */; };
		17C74C7F2628B176000A4146 /* SearchBarCollectionReusableView.swift in Sources */ = {isa = PBXBuildFile; fileRef = 17C74C7E2628B176000A4146 /* SearchBarCollectionReusableView.swift */; };
		17C74C822628CEA7000A4146 /* MobiliarioUrbanoViewController.swift in Sources */ = {isa = PBXBuildFile; fileRef = 17C74C812628CEA6000A4146 /* MobiliarioUrbanoViewController.swift */; };
		17C74C842628D092000A4146 /* MobiliarioUrbanoCollectionViewCell.swift in Sources */ = {isa = PBXBuildFile; fileRef = 17C74C832628D092000A4146 /* MobiliarioUrbanoCollectionViewCell.swift */; };
		17C74C862628D3EC000A4146 /* SearchBarUrbanos.swift in Sources */ = {isa = PBXBuildFile; fileRef = 17C74C852628D3EC000A4146 /* SearchBarUrbanos.swift */; };
		17C74C892628DC10000A4146 /* GrandesFormatosViewController.swift in Sources */ = {isa = PBXBuildFile; fileRef = 17C74C882628DC10000A4146 /* GrandesFormatosViewController.swift */; };
		17C74C8D2628DC5F000A4146 /* SerachBarGrandes.swift in Sources */ = {isa = PBXBuildFile; fileRef = 17C74C8C2628DC5F000A4146 /* SerachBarGrandes.swift */; };
		17C74C8F2628DEBC000A4146 /* GrandesCollectionViewCell.swift in Sources */ = {isa = PBXBuildFile; fileRef = 17C74C8E2628DEBC000A4146 /* GrandesCollectionViewCell.swift */; };
		17C74C912628F424000A4146 /* RevisionesParserJSON.swift in Sources */ = {isa = PBXBuildFile; fileRef = 17C74C902628F424000A4146 /* RevisionesParserJSON.swift */; };
		17C74C932629186C000A4146 /* TomaFotoViewController.swift in Sources */ = {isa = PBXBuildFile; fileRef = 17C74C922629186C000A4146 /* TomaFotoViewController.swift */; };
		17D100012627F1AE0004A175 /* ParserCartelesJSON.swift in Sources */ = {isa = PBXBuildFile; fileRef = 17D100002627F1AE0004A175 /* ParserCartelesJSON.swift */; };
		17D10003262800B30004A175 /* MediaParserJSON.swift in Sources */ = {isa = PBXBuildFile; fileRef = 17D10002262800B30004A175 /* MediaParserJSON.swift */; };
		17D1FFEF26268F040004A175 /* SplashViewController.swift in Sources */ = {isa = PBXBuildFile; fileRef = 17D1FFEE26268F040004A175 /* SplashViewController.swift */; };
		17D1FFF126276F900004A175 /* AcercaDeViewController.swift in Sources */ = {isa = PBXBuildFile; fileRef = 17D1FFF026276F900004A175 /* AcercaDeViewController.swift */; };
		17D1FFFB2627C9B60004A175 /* PaletasViewController.swift in Sources */ = {isa = PBXBuildFile; fileRef = 17D1FFFA2627C9B60004A175 /* PaletasViewController.swift */; };
		17D1FFFD2627CA350004A175 /* PaletasCollectionViewCell.swift in Sources */ = {isa = PBXBuildFile; fileRef = 17D1FFFC2627CA340004A175 /* PaletasCollectionViewCell.swift */; };
		17D1FFFF2627DFC40004A175 /* DetallesCartelViewController.swift in Sources */ = {isa = PBXBuildFile; fileRef = 17D1FFFE2627DFC40004A175 /* DetallesCartelViewController.swift */; };
		17D7E2DC2623FD0E0016CD7F /* CategoriasViewController.swift in Sources */ = {isa = PBXBuildFile; fileRef = 17D7E2DB2623FD0E0016CD7F /* CategoriasViewController.swift */; };
		17D7E2DE2623FD790016CD7F /* MenuViewController.swift in Sources */ = {isa = PBXBuildFile; fileRef = 17D7E2DD2623FD790016CD7F /* MenuViewController.swift */; };
		17E191FD261B91E600B4EA34 /* Constants.swift in Sources */ = {isa = PBXBuildFile; fileRef = 17E191FC261B91E600B4EA34 /* Constants.swift */; };
		17E5F41D264B70CE00CF01EE /* extensions.swift in Sources */ = {isa = PBXBuildFile; fileRef = 17E5F41C264B70CE00CF01EE /* extensions.swift */; };
		17E5F41F264B730400CF01EE /* User.swift in Sources */ = {isa = PBXBuildFile; fileRef = 17E5F41E264B730400CF01EE /* User.swift */; };
/* End PBXBuildFile section */

/* Begin PBXFileReference section */
		055B1634D1146D2E0346E3E0 /* Pods-CustomOOH.release.xcconfig */ = {isa = PBXFileReference; includeInIndex = 1; lastKnownFileType = text.xcconfig; name = "Pods-CustomOOH.release.xcconfig"; path = "Target Support Files/Pods-CustomOOH/Pods-CustomOOH.release.xcconfig"; sourceTree = "<group>"; };
		07A606327ECB7DC072DD6AF2 /* Pods_CustomOOH.framework */ = {isa = PBXFileReference; explicitFileType = wrapper.framework; includeInIndex = 0; path = Pods_CustomOOH.framework; sourceTree = BUILT_PRODUCTS_DIR; };
		171E91AE262941D100B55524 /* LlenarFormularioViewController.swift */ = {isa = PBXFileReference; lastKnownFileType = sourcecode.swift; path = LlenarFormularioViewController.swift; sourceTree = "<group>"; };
		171E91B026295EE000B55524 /* NuevoCartelViewController.swift */ = {isa = PBXFileReference; lastKnownFileType = sourcecode.swift; path = NuevoCartelViewController.swift; sourceTree = "<group>"; };
		173AC4C626281A0A004C3EF5 /* SearchBarPaletas.swift */ = {isa = PBXFileReference; lastKnownFileType = sourcecode.swift; path = SearchBarPaletas.swift; sourceTree = "<group>"; };
		17404852261AA33A00DF957D /* CustomOOH.app */ = {isa = PBXFileReference; explicitFileType = wrapper.application; includeInIndex = 0; path = CustomOOH.app; sourceTree = BUILT_PRODUCTS_DIR; };
		17404855261AA33A00DF957D /* AppDelegate.swift */ = {isa = PBXFileReference; lastKnownFileType = sourcecode.swift; path = AppDelegate.swift; sourceTree = "<group>"; };
		17404857261AA33A00DF957D /* SceneDelegate.swift */ = {isa = PBXFileReference; lastKnownFileType = sourcecode.swift; path = SceneDelegate.swift; sourceTree = "<group>"; };
		17404859261AA33A00DF957D /* ViewController.swift */ = {isa = PBXFileReference; lastKnownFileType = sourcecode.swift; path = ViewController.swift; sourceTree = "<group>"; };
		1740485C261AA33A00DF957D /* Base */ = {isa = PBXFileReference; lastKnownFileType = file.storyboard; name = Base; path = Base.lproj/Main.storyboard; sourceTree = "<group>"; };
		1740485E261AA33C00DF957D /* Assets.xcassets */ = {isa = PBXFileReference; lastKnownFileType = folder.assetcatalog; path = Assets.xcassets; sourceTree = "<group>"; };
		17404861261AA33C00DF957D /* Base */ = {isa = PBXFileReference; lastKnownFileType = file.storyboard; name = Base; path = Base.lproj/LaunchScreen.storyboard; sourceTree = "<group>"; };
		17404863261AA33C00DF957D /* Info.plist */ = {isa = PBXFileReference; lastKnownFileType = text.plist.xml; path = Info.plist; sourceTree = "<group>"; };
		17404870261AAB9D00DF957D /* Extensions.swift */ = {isa = PBXFileReference; lastKnownFileType = sourcecode.swift; path = Extensions.swift; sourceTree = "<group>"; };
		17404872261AB89400DF957D /* GoogleService-Info.plist */ = {isa = PBXFileReference; fileEncoding = 4; lastKnownFileType = text.plist.xml; path = "GoogleService-Info.plist"; sourceTree = "<group>"; };
		17A852F2261C3DAF00C64292 /* SuccessViewController.swift */ = {isa = PBXFileReference; lastKnownFileType = sourcecode.swift; path = SuccessViewController.swift; sourceTree = "<group>"; };
		17B29987261B78D200BBDD52 /* Utilities.swift */ = {isa = PBXFileReference; fileEncoding = 4; lastKnownFileType = sourcecode.swift; path = Utilities.swift; sourceTree = "<group>"; };
		17B2998A261B7EC100BBDD52 /* SignUpViewController.swift */ = {isa = PBXFileReference; lastKnownFileType = sourcecode.swift; path = SignUpViewController.swift; sourceTree = "<group>"; };
		17B2998C261B7FE600BBDD52 /* LoginViewController.swift */ = {isa = PBXFileReference; lastKnownFileType = sourcecode.swift; path = LoginViewController.swift; sourceTree = "<group>"; };
		17B2998E261B809200BBDD52 /* HomeViewController.swift */ = {isa = PBXFileReference; lastKnownFileType = sourcecode.swift; path = HomeViewController.swift; sourceTree = "<group>"; wrapsLines = 1; };
		17C1750D264A39190019C79E /* AnnotationPlus.swift */ = {isa = PBXFileReference; fileEncoding = 4; lastKnownFileType = sourcecode.swift; path = AnnotationPlus.swift; sourceTree = "<group>"; };
		17C1750E264A39190019C79E /* CalloutViewPlus.swift */ = {isa = PBXFileReference; fileEncoding = 4; lastKnownFileType = sourcecode.swift; path = CalloutViewPlus.swift; sourceTree = "<group>"; };
		17C1750F264A39190019C79E /* MapViewPlusDelegates.swift */ = {isa = PBXFileReference; fileEncoding = 4; lastKnownFileType = sourcecode.swift; path = MapViewPlusDelegates.swift; sourceTree = "<group>"; };
		17C17511264A39190019C79E /* MapViewPlus.swift */ = {isa = PBXFileReference; fileEncoding = 4; lastKnownFileType = sourcecode.swift; path = MapViewPlus.swift; sourceTree = "<group>"; };
		17C17513264A39190019C79E /* MapViewPlusAnimator.swift */ = {isa = PBXFileReference; fileEncoding = 4; lastKnownFileType = sourcecode.swift; path = MapViewPlusAnimator.swift; sourceTree = "<group>"; };
		17C17515264A39190019C79E /* DefaultCalloutViewThemeManager.swift */ = {isa = PBXFileReference; fileEncoding = 4; lastKnownFileType = sourcecode.swift; path = DefaultCalloutViewThemeManager.swift; sourceTree = "<group>"; };
		17C17516264A39190019C79E /* DefaultCalloutView.xib */ = {isa = PBXFileReference; fileEncoding = 4; lastKnownFileType = file.xib; path = DefaultCalloutView.xib; sourceTree = "<group>"; };
		17C17517264A39190019C79E /* DefaultCalloutView.swift */ = {isa = PBXFileReference; fileEncoding = 4; lastKnownFileType = sourcecode.swift; path = DefaultCalloutView.swift; sourceTree = "<group>"; };
		17C17518264A39190019C79E /* DefaultCalloutViewModel.swift */ = {isa = PBXFileReference; fileEncoding = 4; lastKnownFileType = sourcecode.swift; path = DefaultCalloutViewModel.swift; sourceTree = "<group>"; };
		17C1751A264A39190019C79E /* AnchorView.swift */ = {isa = PBXFileReference; fileEncoding = 4; lastKnownFileType = sourcecode.swift; path = AnchorView.swift; sourceTree = "<group>"; };
		17C1751B264A39190019C79E /* CalloutAndAnchorView.swift */ = {isa = PBXFileReference; fileEncoding = 4; lastKnownFileType = sourcecode.swift; path = CalloutAndAnchorView.swift; sourceTree = "<group>"; };
		17C1751D264A39190019C79E /* ImagesHelper.swift */ = {isa = PBXFileReference; fileEncoding = 4; lastKnownFileType = sourcecode.swift; path = ImagesHelper.swift; sourceTree = "<group>"; };
		17C1751E264A39190019C79E /* MapViewPlusTemplateHelper.swift */ = {isa = PBXFileReference; fileEncoding = 4; lastKnownFileType = sourcecode.swift; path = MapViewPlusTemplateHelper.swift; sourceTree = "<group>"; };
		17C1754E264A40D00019C79E /* BasicCalloutView.xib */ = {isa = PBXFileReference; fileEncoding = 4; lastKnownFileType = file.xib; path = BasicCalloutView.xib; sourceTree = "<group>"; };
		17C17553264A41660019C79E /* BasicCalloutViewModel.swift */ = {isa = PBXFileReference; fileEncoding = 4; lastKnownFileType = sourcecode.swift; path = BasicCalloutViewModel.swift; sourceTree = "<group>"; };
		17C17555264A41660019C79E /* BasicCalloutView.swift */ = {isa = PBXFileReference; fileEncoding = 4; lastKnownFileType = sourcecode.swift; path = BasicCalloutView.swift; sourceTree = "<group>"; };
		17C17762264A66440019C79E /* Pods-MapViewPlus_Example.debug.xcconfig */ = {isa = PBXFileReference; fileEncoding = 4; lastKnownFileType = text.xcconfig; path = "Pods-MapViewPlus_Example.debug.xcconfig"; sourceTree = "<group>"; };
		17C17764264A66560019C79E /* Pods-MapViewPlus_Example.release.xcconfig */ = {isa = PBXFileReference; fileEncoding = 4; lastKnownFileType = text.xcconfig; path = "Pods-MapViewPlus_Example.release.xcconfig"; sourceTree = "<group>"; };
		17C1789A264A73E40019C79E /* basic_annotation_image.png */ = {isa = PBXFileReference; lastKnownFileType = image.png; path = basic_annotation_image.png; sourceTree = "<group>"; };
		17C1789D264A78CA0019C79E /* MapaViewController.swift */ = {isa = PBXFileReference; lastKnownFileType = sourcecode.swift; path = MapaViewController.swift; sourceTree = "<group>"; };
		17C74C7A2628A490000A4146 /* MedianosViewController.swift */ = {isa = PBXFileReference; lastKnownFileType = sourcecode.swift; path = MedianosViewController.swift; sourceTree = "<group>"; };
		17C74C7C2628A7AD000A4146 /* MedianosCollectionViewCell.swift */ = {isa = PBXFileReference; lastKnownFileType = sourcecode.swift; path = MedianosCollectionViewCell.swift; sourceTree = "<group>"; };
		17C74C7E2628B176000A4146 /* SearchBarCollectionReusableView.swift */ = {isa = PBXFileReference; lastKnownFileType = sourcecode.swift; path = SearchBarCollectionReusableView.swift; sourceTree = "<group>"; };
		17C74C812628CEA6000A4146 /* MobiliarioUrbanoViewController.swift */ = {isa = PBXFileReference; lastKnownFileType = sourcecode.swift; path = MobiliarioUrbanoViewController.swift; sourceTree = "<group>"; };
		17C74C832628D092000A4146 /* MobiliarioUrbanoCollectionViewCell.swift */ = {isa = PBXFileReference; lastKnownFileType = sourcecode.swift; path = MobiliarioUrbanoCollectionViewCell.swift; sourceTree = "<group>"; };
		17C74C852628D3EC000A4146 /* SearchBarUrbanos.swift */ = {isa = PBXFileReference; lastKnownFileType = sourcecode.swift; path = SearchBarUrbanos.swift; sourceTree = "<group>"; };
		17C74C882628DC10000A4146 /* GrandesFormatosViewController.swift */ = {isa = PBXFileReference; lastKnownFileType = sourcecode.swift; path = GrandesFormatosViewController.swift; sourceTree = "<group>"; };
		17C74C8C2628DC5F000A4146 /* SerachBarGrandes.swift */ = {isa = PBXFileReference; lastKnownFileType = sourcecode.swift; path = SerachBarGrandes.swift; sourceTree = "<group>"; };
		17C74C8E2628DEBC000A4146 /* GrandesCollectionViewCell.swift */ = {isa = PBXFileReference; lastKnownFileType = sourcecode.swift; path = GrandesCollectionViewCell.swift; sourceTree = "<group>"; };
		17C74C902628F424000A4146 /* RevisionesParserJSON.swift */ = {isa = PBXFileReference; lastKnownFileType = sourcecode.swift; path = RevisionesParserJSON.swift; sourceTree = "<group>"; };
		17C74C922629186C000A4146 /* TomaFotoViewController.swift */ = {isa = PBXFileReference; lastKnownFileType = sourcecode.swift; path = TomaFotoViewController.swift; sourceTree = "<group>"; };
		17D100002627F1AE0004A175 /* ParserCartelesJSON.swift */ = {isa = PBXFileReference; lastKnownFileType = sourcecode.swift; path = ParserCartelesJSON.swift; sourceTree = "<group>"; };
		17D10002262800B30004A175 /* MediaParserJSON.swift */ = {isa = PBXFileReference; lastKnownFileType = sourcecode.swift; path = MediaParserJSON.swift; sourceTree = "<group>"; };
		17D1FFEE26268F040004A175 /* SplashViewController.swift */ = {isa = PBXFileReference; lastKnownFileType = sourcecode.swift; path = SplashViewController.swift; sourceTree = "<group>"; };
		17D1FFF026276F900004A175 /* AcercaDeViewController.swift */ = {isa = PBXFileReference; lastKnownFileType = sourcecode.swift; path = AcercaDeViewController.swift; sourceTree = "<group>"; };
		17D1FFFA2627C9B60004A175 /* PaletasViewController.swift */ = {isa = PBXFileReference; lastKnownFileType = sourcecode.swift; path = PaletasViewController.swift; sourceTree = "<group>"; };
		17D1FFFC2627CA340004A175 /* PaletasCollectionViewCell.swift */ = {isa = PBXFileReference; lastKnownFileType = sourcecode.swift; path = PaletasCollectionViewCell.swift; sourceTree = "<group>"; };
		17D1FFFE2627DFC40004A175 /* DetallesCartelViewController.swift */ = {isa = PBXFileReference; lastKnownFileType = sourcecode.swift; path = DetallesCartelViewController.swift; sourceTree = "<group>"; };
		17D7E2DB2623FD0E0016CD7F /* CategoriasViewController.swift */ = {isa = PBXFileReference; lastKnownFileType = sourcecode.swift; path = CategoriasViewController.swift; sourceTree = "<group>"; };
		17D7E2DD2623FD790016CD7F /* MenuViewController.swift */ = {isa = PBXFileReference; lastKnownFileType = sourcecode.swift; path = MenuViewController.swift; sourceTree = "<group>"; };
		17E191FC261B91E600B4EA34 /* Constants.swift */ = {isa = PBXFileReference; lastKnownFileType = sourcecode.swift; path = Constants.swift; sourceTree = "<group>"; };
		17E5F41C264B70CE00CF01EE /* extensions.swift */ = {isa = PBXFileReference; lastKnownFileType = sourcecode.swift; path = extensions.swift; sourceTree = "<group>"; };
		17E5F41E264B730400CF01EE /* User.swift */ = {isa = PBXFileReference; lastKnownFileType = sourcecode.swift; path = User.swift; sourceTree = "<group>"; };
		DFE2D26DD90612EAE631802E /* Pods-CustomOOH.debug.xcconfig */ = {isa = PBXFileReference; includeInIndex = 1; lastKnownFileType = text.xcconfig; name = "Pods-CustomOOH.debug.xcconfig"; path = "Target Support Files/Pods-CustomOOH/Pods-CustomOOH.debug.xcconfig"; sourceTree = "<group>"; };
/* End PBXFileReference section */

/* Begin PBXFrameworksBuildPhase section */
		1740484F261AA33A00DF957D /* Frameworks */ = {
			isa = PBXFrameworksBuildPhase;
			buildActionMask = 2147483647;
			files = (
				170E0D3912ECBA4B94524822 /* Pods_CustomOOH.framework in Frameworks */,
			);
			runOnlyForDeploymentPostprocessing = 0;
		};
/* End PBXFrameworksBuildPhase section */

/* Begin PBXGroup section */
		166C0879EE8EDFB3887A8202 /* Frameworks */ = {
			isa = PBXGroup;
			children = (
				07A606327ECB7DC072DD6AF2 /* Pods_CustomOOH.framework */,
			);
			name = Frameworks;
			sourceTree = "<group>";
		};
		173AC4C926282B16004C3EF5 /* Paletas */ = {
			isa = PBXGroup;
			children = (
				17D1FFFA2627C9B60004A175 /* PaletasViewController.swift */,
				17D1FFFC2627CA340004A175 /* PaletasCollectionViewCell.swift */,
				173AC4C626281A0A004C3EF5 /* SearchBarPaletas.swift */,
			);
			path = Paletas;
			sourceTree = "<group>";
		};
		173AC4CA26282B8B004C3EF5 /* Fetch JSON */ = {
			isa = PBXGroup;
			children = (
				17D100002627F1AE0004A175 /* ParserCartelesJSON.swift */,
				17D10002262800B30004A175 /* MediaParserJSON.swift */,
				17C74C902628F424000A4146 /* RevisionesParserJSON.swift */,
			);
			path = "Fetch JSON";
			sourceTree = "<group>";
		};
		17404849261AA33A00DF957D = {
			isa = PBXGroup;
			children = (
				17404854261AA33A00DF957D /* CustomOOH */,
				17404853261AA33A00DF957D /* Products */,
				94EED0B032C094D8CC941102 /* Pods */,
				166C0879EE8EDFB3887A8202 /* Frameworks */,
			);
			sourceTree = "<group>";
		};
		17404853261AA33A00DF957D /* Products */ = {
			isa = PBXGroup;
			children = (
				17404852261AA33A00DF957D /* CustomOOH.app */,
			);
			name = Products;
			sourceTree = "<group>";
		};
		17404854261AA33A00DF957D /* CustomOOH */ = {
			isa = PBXGroup;
			children = (
				17C1752D264A3D0C0019C79E /* Login */,
				17C1752C264A3CB70019C79E /* HomeMap */,
				17404872261AB89400DF957D /* GoogleService-Info.plist */,
				17B29989261B78DE00BBDD52 /* Helpers */,
				1740486F261AAB4800DF957D /* CartelesView Controllers */,
				17404855261AA33A00DF957D /* AppDelegate.swift */,
				17404857261AA33A00DF957D /* SceneDelegate.swift */,
				1740485B261AA33A00DF957D /* Main.storyboard */,
				1740485E261AA33C00DF957D /* Assets.xcassets */,
				17404860261AA33C00DF957D /* LaunchScreen.storyboard */,
				17404863261AA33C00DF957D /* Info.plist */,
			);
			path = CustomOOH;
			sourceTree = "<group>";
		};
		1740486F261AAB4800DF957D /* CartelesView Controllers */ = {
			isa = PBXGroup;
			children = (
				17C74C872628DBA7000A4146 /* GrandesFormatos */,
				17C74C802628CDBE000A4146 /* MobiliarioUrbano */,
				17C74C792628A26F000A4146 /* MedianosFormatos */,
				173AC4CA26282B8B004C3EF5 /* Fetch JSON */,
				173AC4C926282B16004C3EF5 /* Paletas */,
				17D7E2DB2623FD0E0016CD7F /* CategoriasViewController.swift */,
				17D1FFF026276F900004A175 /* AcercaDeViewController.swift */,
				17D1FFFE2627DFC40004A175 /* DetallesCartelViewController.swift */,
				17C74C922629186C000A4146 /* TomaFotoViewController.swift */,
				171E91AE262941D100B55524 /* LlenarFormularioViewController.swift */,
				171E91B026295EE000B55524 /* NuevoCartelViewController.swift */,
			);
			path = "CartelesView Controllers";
			sourceTree = "<group>";
		};
		17B29989261B78DE00BBDD52 /* Helpers */ = {
			isa = PBXGroup;
			children = (
				17404870261AAB9D00DF957D /* Extensions.swift */,
				17B29987261B78D200BBDD52 /* Utilities.swift */,
				17E191FC261B91E600B4EA34 /* Constants.swift */,
			);
			name = Helpers;
			path = ..;
			sourceTree = "<group>";
		};
		17C1750B264A39180019C79E /* Classes */ = {
			isa = PBXGroup;
			children = (
				17C1789C264A78670019C79E /* Ejemplo2 */,
				17C1754D264A40B40019C79E /* Paletas */,
				17C1750C264A39190019C79E /* Abstract */,
				17C17510264A39190019C79E /* Source */,
				17C17512264A39190019C79E /* Animator */,
				17C17514264A39190019C79E /* DefaultCalloutView */,
				17C17519264A39190019C79E /* Views */,
			);
			path = Classes;
			sourceTree = "<group>";
		};
		17C1750C264A39190019C79E /* Abstract */ = {
			isa = PBXGroup;
			children = (
				17C1750D264A39190019C79E /* AnnotationPlus.swift */,
				17C1750E264A39190019C79E /* CalloutViewPlus.swift */,
				17C1750F264A39190019C79E /* MapViewPlusDelegates.swift */,
			);
			path = Abstract;
			sourceTree = "<group>";
		};
		17C17510264A39190019C79E /* Source */ = {
			isa = PBXGroup;
			children = (
				17C17511264A39190019C79E /* MapViewPlus.swift */,
			);
			path = Source;
			sourceTree = "<group>";
		};
		17C17512264A39190019C79E /* Animator */ = {
			isa = PBXGroup;
			children = (
				17C17513264A39190019C79E /* MapViewPlusAnimator.swift */,
			);
			path = Animator;
			sourceTree = "<group>";
		};
		17C17514264A39190019C79E /* DefaultCalloutView */ = {
			isa = PBXGroup;
			children = (
				17C17515264A39190019C79E /* DefaultCalloutViewThemeManager.swift */,
				17C17516264A39190019C79E /* DefaultCalloutView.xib */,
				17C17517264A39190019C79E /* DefaultCalloutView.swift */,
				17C17518264A39190019C79E /* DefaultCalloutViewModel.swift */,
			);
			path = DefaultCalloutView;
			sourceTree = "<group>";
		};
		17C17519264A39190019C79E /* Views */ = {
			isa = PBXGroup;
			children = (
				17C1751A264A39190019C79E /* AnchorView.swift */,
				17C1751B264A39190019C79E /* CalloutAndAnchorView.swift */,
			);
			path = Views;
			sourceTree = "<group>";
		};
		17C1751C264A39190019C79E /* Helper */ = {
			isa = PBXGroup;
			children = (
				17C1751D264A39190019C79E /* ImagesHelper.swift */,
				17C1751E264A39190019C79E /* MapViewPlusTemplateHelper.swift */,
			);
			path = Helper;
			sourceTree = "<group>";
		};
		17C1752C264A3CB70019C79E /* HomeMap */ = {
			isa = PBXGroup;
			children = (
				17C1750B264A39180019C79E /* Classes */,
				17D7E2DD2623FD790016CD7F /* MenuViewController.swift */,
				17B2998E261B809200BBDD52 /* HomeViewController.swift */,
				17E5F41E264B730400CF01EE /* User.swift */,
				17E5F41C264B70CE00CF01EE /* extensions.swift */,
				17C1751C264A39190019C79E /* Helper */,
			);
			path = HomeMap;
			sourceTree = "<group>";
		};
		17C1752D264A3D0C0019C79E /* Login */ = {
			isa = PBXGroup;
			children = (
				17D1FFEE26268F040004A175 /* SplashViewController.swift */,
				17B2998A261B7EC100BBDD52 /* SignUpViewController.swift */,
				17B2998C261B7FE600BBDD52 /* LoginViewController.swift */,
				17A852F2261C3DAF00C64292 /* SuccessViewController.swift */,
				17404859261AA33A00DF957D /* ViewController.swift */,
			);
			path = Login;
			sourceTree = "<group>";
		};
		17C1754D264A40B40019C79E /* Paletas */ = {
			isa = PBXGroup;
			children = (
				17C17553264A41660019C79E /* BasicCalloutViewModel.swift */,
				17C17555264A41660019C79E /* BasicCalloutView.swift */,
				17C1789A264A73E40019C79E /* basic_annotation_image.png */,
				17C1754E264A40D00019C79E /* BasicCalloutView.xib */,
			);
			path = Paletas;
			sourceTree = "<group>";
		};
		17C1789C264A78670019C79E /* Ejemplo2 */ = {
			isa = PBXGroup;
			children = (
				17C1789D264A78CA0019C79E /* MapaViewController.swift */,
			);
			path = Ejemplo2;
			sourceTree = "<group>";
		};
		17C74C792628A26F000A4146 /* MedianosFormatos */ = {
			isa = PBXGroup;
			children = (
				17C74C7A2628A490000A4146 /* MedianosViewController.swift */,
				17C74C7C2628A7AD000A4146 /* MedianosCollectionViewCell.swift */,
				17C74C7E2628B176000A4146 /* SearchBarCollectionReusableView.swift */,
			);
			path = MedianosFormatos;
			sourceTree = "<group>";
		};
		17C74C802628CDBE000A4146 /* MobiliarioUrbano */ = {
			isa = PBXGroup;
			children = (
				17C74C812628CEA6000A4146 /* MobiliarioUrbanoViewController.swift */,
				17C74C832628D092000A4146 /* MobiliarioUrbanoCollectionViewCell.swift */,
				17C74C852628D3EC000A4146 /* SearchBarUrbanos.swift */,
			);
			path = MobiliarioUrbano;
			sourceTree = "<group>";
		};
		17C74C872628DBA7000A4146 /* GrandesFormatos */ = {
			isa = PBXGroup;
			children = (
				17C74C882628DC10000A4146 /* GrandesFormatosViewController.swift */,
				17C74C8C2628DC5F000A4146 /* SerachBarGrandes.swift */,
				17C74C8E2628DEBC000A4146 /* GrandesCollectionViewCell.swift */,
			);
			path = GrandesFormatos;
			sourceTree = "<group>";
		};
		94EED0B032C094D8CC941102 /* Pods */ = {
			isa = PBXGroup;
			children = (
				DFE2D26DD90612EAE631802E /* Pods-CustomOOH.debug.xcconfig */,
				055B1634D1146D2E0346E3E0 /* Pods-CustomOOH.release.xcconfig */,
				17C17762264A66440019C79E /* Pods-MapViewPlus_Example.debug.xcconfig */,
				17C17764264A66560019C79E /* Pods-MapViewPlus_Example.release.xcconfig */,
			);
			path = Pods;
			sourceTree = "<group>";
		};
/* End PBXGroup section */

/* Begin PBXNativeTarget section */
		17404851261AA33A00DF957D /* CustomOOH */ = {
			isa = PBXNativeTarget;
			buildConfigurationList = 17404866261AA33C00DF957D /* Build configuration list for PBXNativeTarget "CustomOOH" */;
			buildPhases = (
				1AA69B33CB8D6A8D90F1D91F /* [CP] Check Pods Manifest.lock */,
				1740484E261AA33A00DF957D /* Sources */,
				1740484F261AA33A00DF957D /* Frameworks */,
				17404850261AA33A00DF957D /* Resources */,
				0D144F0D0BC9B8BF750BC31B /* [CP] Embed Pods Frameworks */,
			);
			buildRules = (
			);
			dependencies = (
			);
			name = CustomOOH;
			productName = CustomOOH;
			productReference = 17404852261AA33A00DF957D /* CustomOOH.app */;
			productType = "com.apple.product-type.application";
		};
/* End PBXNativeTarget section */

/* Begin PBXProject section */
		1740484A261AA33A00DF957D /* Project object */ = {
			isa = PBXProject;
			attributes = {
				LastSwiftUpdateCheck = 1170;
				LastUpgradeCheck = 1170;
				ORGANIZATIONNAME = mx.itesm.A01651678;
				TargetAttributes = {
					17404851261AA33A00DF957D = {
						CreatedOnToolsVersion = 11.7;
						LastSwiftMigration = 1170;
					};
				};
			};
			buildConfigurationList = 1740484D261AA33A00DF957D /* Build configuration list for PBXProject "CustomOOH" */;
			compatibilityVersion = "Xcode 9.3";
			developmentRegion = en;
			hasScannedForEncodings = 0;
			knownRegions = (
				en,
				Base,
			);
			mainGroup = 17404849261AA33A00DF957D;
			productRefGroup = 17404853261AA33A00DF957D /* Products */;
			projectDirPath = "";
			projectRoot = "";
			targets = (
				17404851261AA33A00DF957D /* CustomOOH */,
			);
		};
/* End PBXProject section */

/* Begin PBXResourcesBuildPhase section */
		17404850261AA33A00DF957D /* Resources */ = {
			isa = PBXResourcesBuildPhase;
			buildActionMask = 2147483647;
			files = (
				17C17765264A66560019C79E /* Pods-MapViewPlus_Example.release.xcconfig in Resources */,
				17C17525264A39190019C79E /* DefaultCalloutView.xib in Resources */,
				17404862261AA33C00DF957D /* LaunchScreen.storyboard in Resources */,
				17C1789B264A73E40019C79E /* basic_annotation_image.png in Resources */,
				17C17763264A66450019C79E /* Pods-MapViewPlus_Example.debug.xcconfig in Resources */,
				17404873261AB89400DF957D /* GoogleService-Info.plist in Resources */,
				1740485F261AA33C00DF957D /* Assets.xcassets in Resources */,
				17C1754F264A40D00019C79E /* BasicCalloutView.xib in Resources */,
				1740485D261AA33A00DF957D /* Main.storyboard in Resources */,
			);
			runOnlyForDeploymentPostprocessing = 0;
		};
/* End PBXResourcesBuildPhase section */

/* Begin PBXShellScriptBuildPhase section */
		0D144F0D0BC9B8BF750BC31B /* [CP] Embed Pods Frameworks */ = {
			isa = PBXShellScriptBuildPhase;
			buildActionMask = 2147483647;
			files = (
			);
			inputFileListPaths = (
				"${PODS_ROOT}/Target Support Files/Pods-CustomOOH/Pods-CustomOOH-frameworks-${CONFIGURATION}-input-files.xcfilelist",
			);
			name = "[CP] Embed Pods Frameworks";
			outputFileListPaths = (
				"${PODS_ROOT}/Target Support Files/Pods-CustomOOH/Pods-CustomOOH-frameworks-${CONFIGURATION}-output-files.xcfilelist",
			);
			runOnlyForDeploymentPostprocessing = 0;
			shellPath = /bin/sh;
			shellScript = "\"${PODS_ROOT}/Target Support Files/Pods-CustomOOH/Pods-CustomOOH-frameworks.sh\"\n";
			showEnvVarsInLog = 0;
		};
		1AA69B33CB8D6A8D90F1D91F /* [CP] Check Pods Manifest.lock */ = {
			isa = PBXShellScriptBuildPhase;
			buildActionMask = 2147483647;
			files = (
			);
			inputFileListPaths = (
			);
			inputPaths = (
				"${PODS_PODFILE_DIR_PATH}/Podfile.lock",
				"${PODS_ROOT}/Manifest.lock",
			);
			name = "[CP] Check Pods Manifest.lock";
			outputFileListPaths = (
			);
			outputPaths = (
				"$(DERIVED_FILE_DIR)/Pods-CustomOOH-checkManifestLockResult.txt",
			);
			runOnlyForDeploymentPostprocessing = 0;
			shellPath = /bin/sh;
			shellScript = "diff \"${PODS_PODFILE_DIR_PATH}/Podfile.lock\" \"${PODS_ROOT}/Manifest.lock\" > /dev/null\nif [ $? != 0 ] ; then\n    # print error to STDERR\n    echo \"error: The sandbox is not in sync with the Podfile.lock. Run 'pod install' or update your CocoaPods installation.\" >&2\n    exit 1\nfi\n# This output is used by Xcode 'outputs' to avoid re-running this script phase.\necho \"SUCCESS\" > \"${SCRIPT_OUTPUT_FILE_0}\"\n";
			showEnvVarsInLog = 0;
		};
/* End PBXShellScriptBuildPhase section */

/* Begin PBXSourcesBuildPhase section */
		1740484E261AA33A00DF957D /* Sources */ = {
			isa = PBXSourcesBuildPhase;
			buildActionMask = 2147483647;
			files = (
				17C74C7F2628B176000A4146 /* SearchBarCollectionReusableView.swift in Sources */,
				1740485A261AA33A00DF957D /* ViewController.swift in Sources */,
				17C17527264A39190019C79E /* DefaultCalloutViewModel.swift in Sources */,
				17C17529264A39190019C79E /* CalloutAndAnchorView.swift in Sources */,
				17D1FFFF2627DFC40004A175 /* DetallesCartelViewController.swift in Sources */,
				17C17522264A39190019C79E /* MapViewPlus.swift in Sources */,
				17C74C8F2628DEBC000A4146 /* GrandesCollectionViewCell.swift in Sources */,
				17C1752A264A39190019C79E /* ImagesHelper.swift in Sources */,
				17B2998B261B7EC100BBDD52 /* SignUpViewController.swift in Sources */,
				17D7E2DC2623FD0E0016CD7F /* CategoriasViewController.swift in Sources */,
				17C74C8D2628DC5F000A4146 /* SerachBarGrandes.swift in Sources */,
				17404856261AA33A00DF957D /* AppDelegate.swift in Sources */,
				17C17521264A39190019C79E /* MapViewPlusDelegates.swift in Sources */,
				17C17524264A39190019C79E /* DefaultCalloutViewThemeManager.swift in Sources */,
				17D10003262800B30004A175 /* MediaParserJSON.swift in Sources */,
				17D1FFF126276F900004A175 /* AcercaDeViewController.swift in Sources */,
				17B2998F261B809200BBDD52 /* HomeViewController.swift in Sources */,
				17404858261AA33A00DF957D /* SceneDelegate.swift in Sources */,
				17C17562264A41670019C79E /* BasicCalloutViewModel.swift in Sources */,
				17D1FFEF26268F040004A175 /* SplashViewController.swift in Sources */,
				17C17528264A39190019C79E /* AnchorView.swift in Sources */,
				17C74C7B2628A490000A4146 /* MedianosViewController.swift in Sources */,
				17C17523264A39190019C79E /* MapViewPlusAnimator.swift in Sources */,
				17C74C822628CEA7000A4146 /* MobiliarioUrbanoViewController.swift in Sources */,
				17E5F41D264B70CE00CF01EE /* extensions.swift in Sources */,
				17C1752B264A39190019C79E /* MapViewPlusTemplateHelper.swift in Sources */,
				173AC4C726281A0B004C3EF5 /* SearchBarPaletas.swift in Sources */,
				17C17564264A41670019C79E /* BasicCalloutView.swift in Sources */,
				17E5F41F264B730400CF01EE /* User.swift in Sources */,
				17B2998D261B7FE600BBDD52 /* LoginViewController.swift in Sources */,
				17D7E2DE2623FD790016CD7F /* MenuViewController.swift in Sources */,
				17B29988261B78D200BBDD52 /* Utilities.swift in Sources */,
				17C17520264A39190019C79E /* CalloutViewPlus.swift in Sources */,
				17C1789E264A78CA0019C79E /* MapaViewController.swift in Sources */,
				17D1FFFD2627CA350004A175 /* PaletasCollectionViewCell.swift in Sources */,
				17D100012627F1AE0004A175 /* ParserCartelesJSON.swift in Sources */,
				17404871261AAB9D00DF957D /* Extensions.swift in Sources */,
				17C74C892628DC10000A4146 /* GrandesFormatosViewController.swift in Sources */,
				17C74C932629186C000A4146 /* TomaFotoViewController.swift in Sources */,
				17A852F3261C3DAF00C64292 /* SuccessViewController.swift in Sources */,
				17C74C842628D092000A4146 /* MobiliarioUrbanoCollectionViewCell.swift in Sources */,
				17C17526264A39190019C79E /* DefaultCalloutView.swift in Sources */,
				17C74C912628F424000A4146 /* RevisionesParserJSON.swift in Sources */,
				17C74C862628D3EC000A4146 /* SearchBarUrbanos.swift in Sources */,
				171E91B126295EE100B55524 /* NuevoCartelViewController.swift in Sources */,
				171E91AF262941D100B55524 /* LlenarFormularioViewController.swift in Sources */,
				17E191FD261B91E600B4EA34 /* Constants.swift in Sources */,
				17C74C7D2628A7AD000A4146 /* MedianosCollectionViewCell.swift in Sources */,
				17C1751F264A39190019C79E /* AnnotationPlus.swift in Sources */,
				17D1FFFB2627C9B60004A175 /* PaletasViewController.swift in Sources */,
			);
			runOnlyForDeploymentPostprocessing = 0;
		};
/* End PBXSourcesBuildPhase section */

/* Begin PBXVariantGroup section */
		1740485B261AA33A00DF957D /* Main.storyboard */ = {
			isa = PBXVariantGroup;
			children = (
				1740485C261AA33A00DF957D /* Base */,
			);
			name = Main.storyboard;
			sourceTree = "<group>";
		};
		17404860261AA33C00DF957D /* LaunchScreen.storyboard */ = {
			isa = PBXVariantGroup;
			children = (
				17404861261AA33C00DF957D /* Base */,
			);
			name = LaunchScreen.storyboard;
			sourceTree = "<group>";
		};
/* End PBXVariantGroup section */

/* Begin XCBuildConfiguration section */
		17404864261AA33C00DF957D /* Debug */ = {
			isa = XCBuildConfiguration;
			buildSettings = {
				ALWAYS_SEARCH_USER_PATHS = NO;
				CLANG_ANALYZER_NONNULL = YES;
				CLANG_ANALYZER_NUMBER_OBJECT_CONVERSION = YES_AGGRESSIVE;
				CLANG_CXX_LANGUAGE_STANDARD = "gnu++14";
				CLANG_CXX_LIBRARY = "libc++";
				CLANG_ENABLE_MODULES = YES;
				CLANG_ENABLE_OBJC_ARC = YES;
				CLANG_ENABLE_OBJC_WEAK = YES;
				CLANG_WARN_BLOCK_CAPTURE_AUTORELEASING = YES;
				CLANG_WARN_BOOL_CONVERSION = YES;
				CLANG_WARN_COMMA = YES;
				CLANG_WARN_CONSTANT_CONVERSION = YES;
				CLANG_WARN_DEPRECATED_OBJC_IMPLEMENTATIONS = YES;
				CLANG_WARN_DIRECT_OBJC_ISA_USAGE = YES_ERROR;
				CLANG_WARN_DOCUMENTATION_COMMENTS = YES;
				CLANG_WARN_EMPTY_BODY = YES;
				CLANG_WARN_ENUM_CONVERSION = YES;
				CLANG_WARN_INFINITE_RECURSION = YES;
				CLANG_WARN_INT_CONVERSION = YES;
				CLANG_WARN_NON_LITERAL_NULL_CONVERSION = YES;
				CLANG_WARN_OBJC_IMPLICIT_RETAIN_SELF = YES;
				CLANG_WARN_OBJC_LITERAL_CONVERSION = YES;
				CLANG_WARN_OBJC_ROOT_CLASS = YES_ERROR;
				CLANG_WARN_RANGE_LOOP_ANALYSIS = YES;
				CLANG_WARN_STRICT_PROTOTYPES = YES;
				CLANG_WARN_SUSPICIOUS_MOVE = YES;
				CLANG_WARN_UNGUARDED_AVAILABILITY = YES_AGGRESSIVE;
				CLANG_WARN_UNREACHABLE_CODE = YES;
				CLANG_WARN__DUPLICATE_METHOD_MATCH = YES;
				COPY_PHASE_STRIP = NO;
				DEBUG_INFORMATION_FORMAT = dwarf;
				ENABLE_STRICT_OBJC_MSGSEND = YES;
				ENABLE_TESTABILITY = YES;
				GCC_C_LANGUAGE_STANDARD = gnu11;
				GCC_DYNAMIC_NO_PIC = NO;
				GCC_NO_COMMON_BLOCKS = YES;
				GCC_OPTIMIZATION_LEVEL = 0;
				GCC_PREPROCESSOR_DEFINITIONS = (
					"DEBUG=1",
					"$(inherited)",
				);
				GCC_WARN_64_TO_32_BIT_CONVERSION = YES;
				GCC_WARN_ABOUT_RETURN_TYPE = YES_ERROR;
				GCC_WARN_UNDECLARED_SELECTOR = YES;
				GCC_WARN_UNINITIALIZED_AUTOS = YES_AGGRESSIVE;
				GCC_WARN_UNUSED_FUNCTION = YES;
				GCC_WARN_UNUSED_VARIABLE = YES;
				IPHONEOS_DEPLOYMENT_TARGET = 13.7;
				MTL_ENABLE_DEBUG_INFO = INCLUDE_SOURCE;
				MTL_FAST_MATH = YES;
				ONLY_ACTIVE_ARCH = YES;
				SDKROOT = iphoneos;
				SWIFT_ACTIVE_COMPILATION_CONDITIONS = DEBUG;
				SWIFT_OPTIMIZATION_LEVEL = "-Onone";
			};
			name = Debug;
		};
		17404865261AA33C00DF957D /* Release */ = {
			isa = XCBuildConfiguration;
			buildSettings = {
				ALWAYS_SEARCH_USER_PATHS = NO;
				CLANG_ANALYZER_NONNULL = YES;
				CLANG_ANALYZER_NUMBER_OBJECT_CONVERSION = YES_AGGRESSIVE;
				CLANG_CXX_LANGUAGE_STANDARD = "gnu++14";
				CLANG_CXX_LIBRARY = "libc++";
				CLANG_ENABLE_MODULES = YES;
				CLANG_ENABLE_OBJC_ARC = YES;
				CLANG_ENABLE_OBJC_WEAK = YES;
				CLANG_WARN_BLOCK_CAPTURE_AUTORELEASING = YES;
				CLANG_WARN_BOOL_CONVERSION = YES;
				CLANG_WARN_COMMA = YES;
				CLANG_WARN_CONSTANT_CONVERSION = YES;
				CLANG_WARN_DEPRECATED_OBJC_IMPLEMENTATIONS = YES;
				CLANG_WARN_DIRECT_OBJC_ISA_USAGE = YES_ERROR;
				CLANG_WARN_DOCUMENTATION_COMMENTS = YES;
				CLANG_WARN_EMPTY_BODY = YES;
				CLANG_WARN_ENUM_CONVERSION = YES;
				CLANG_WARN_INFINITE_RECURSION = YES;
				CLANG_WARN_INT_CONVERSION = YES;
				CLANG_WARN_NON_LITERAL_NULL_CONVERSION = YES;
				CLANG_WARN_OBJC_IMPLICIT_RETAIN_SELF = YES;
				CLANG_WARN_OBJC_LITERAL_CONVERSION = YES;
				CLANG_WARN_OBJC_ROOT_CLASS = YES_ERROR;
				CLANG_WARN_RANGE_LOOP_ANALYSIS = YES;
				CLANG_WARN_STRICT_PROTOTYPES = YES;
				CLANG_WARN_SUSPICIOUS_MOVE = YES;
				CLANG_WARN_UNGUARDED_AVAILABILITY = YES_AGGRESSIVE;
				CLANG_WARN_UNREACHABLE_CODE = YES;
				CLANG_WARN__DUPLICATE_METHOD_MATCH = YES;
				COPY_PHASE_STRIP = NO;
				DEBUG_INFORMATION_FORMAT = "dwarf-with-dsym";
				ENABLE_NS_ASSERTIONS = NO;
				ENABLE_STRICT_OBJC_MSGSEND = YES;
				GCC_C_LANGUAGE_STANDARD = gnu11;
				GCC_NO_COMMON_BLOCKS = YES;
				GCC_WARN_64_TO_32_BIT_CONVERSION = YES;
				GCC_WARN_ABOUT_RETURN_TYPE = YES_ERROR;
				GCC_WARN_UNDECLARED_SELECTOR = YES;
				GCC_WARN_UNINITIALIZED_AUTOS = YES_AGGRESSIVE;
				GCC_WARN_UNUSED_FUNCTION = YES;
				GCC_WARN_UNUSED_VARIABLE = YES;
				IPHONEOS_DEPLOYMENT_TARGET = 13.7;
				MTL_ENABLE_DEBUG_INFO = NO;
				MTL_FAST_MATH = YES;
				SDKROOT = iphoneos;
				SWIFT_COMPILATION_MODE = wholemodule;
				SWIFT_OPTIMIZATION_LEVEL = "-O";
				VALIDATE_PRODUCT = YES;
			};
			name = Release;
		};
		17404867261AA33C00DF957D /* Debug */ = {
			isa = XCBuildConfiguration;
			baseConfigurationReference = DFE2D26DD90612EAE631802E /* Pods-CustomOOH.debug.xcconfig */;
			buildSettings = {
				ASSETCATALOG_COMPILER_APPICON_NAME = AppIcon;
				CLANG_ENABLE_MODULES = YES;
				CODE_SIGN_STYLE = Automatic;
				DEVELOPMENT_TEAM = C7FH2NJQ8M;
				INFOPLIST_FILE = CustomOOH/Info.plist;
				LD_RUNPATH_SEARCH_PATHS = (
					"$(inherited)",
					"@executable_path/Frameworks",
				);
				PRODUCT_BUNDLE_IDENTIFIER = Javier.CustomOOH;
				PRODUCT_NAME = "$(TARGET_NAME)";
				SWIFT_OPTIMIZATION_LEVEL = "-Onone";
				SWIFT_VERSION = 5.0;
				TARGETED_DEVICE_FAMILY = "1,2";
			};
			name = Debug;
		};
		17404868261AA33C00DF957D /* Release */ = {
			isa = XCBuildConfiguration;
			baseConfigurationReference = 055B1634D1146D2E0346E3E0 /* Pods-CustomOOH.release.xcconfig */;
			buildSettings = {
				ASSETCATALOG_COMPILER_APPICON_NAME = AppIcon;
				CLANG_ENABLE_MODULES = YES;
				CODE_SIGN_STYLE = Automatic;
				DEVELOPMENT_TEAM = C7FH2NJQ8M;
				INFOPLIST_FILE = CustomOOH/Info.plist;
				LD_RUNPATH_SEARCH_PATHS = (
					"$(inherited)",
					"@executable_path/Frameworks",
				);
				PRODUCT_BUNDLE_IDENTIFIER = Javier.CustomOOH;
				PRODUCT_NAME = "$(TARGET_NAME)";
				SWIFT_VERSION = 5.0;
				TARGETED_DEVICE_FAMILY = "1,2";
			};
			name = Release;
		};
/* End XCBuildConfiguration section */

/* Begin XCConfigurationList section */
		1740484D261AA33A00DF957D /* Build configuration list for PBXProject "CustomOOH" */ = {
			isa = XCConfigurationList;
			buildConfigurations = (
				17404864261AA33C00DF957D /* Debug */,
				17404865261AA33C00DF957D /* Release */,
			);
			defaultConfigurationIsVisible = 0;
			defaultConfigurationName = Release;
		};
		17404866261AA33C00DF957D /* Build configuration list for PBXNativeTarget "CustomOOH" */ = {
			isa = XCConfigurationList;
			buildConfigurations = (
				17404867261AA33C00DF957D /* Debug */,
				17404868261AA33C00DF957D /* Release */,
			);
			defaultConfigurationIsVisible = 0;
			defaultConfigurationName = Release;
		};
/* End XCConfigurationList section */
	};
	rootObject = 1740484A261AA33A00DF957D /* Project object */;
}
